{
  "name": "@sinergy/cli",
  "version": "0.0.0-alpha.0",
  "lockfileVersion": 1,
  "requires": true,
  "dependencies": {
    "getopts": {
      "version": "2.0.0",
      "resolved": "https://registry.npmjs.org/getopts/-/getopts-2.0.0.tgz",
      "integrity": "sha512-mFGXdaF3lC1HVTQ/v9ndEnK14bdog30H1+743D5GZee8mUZTEMs04fXTvOnMwdpbSO9+/SCt5tMcgIj4qqP1ag=="
    },
    "semver": {
      "version": "https://artifactory.ing.net/artifactory/api/npm/releases_npm_all/semver/-/semver-5.4.1.tgz",
      "integrity": "sha1-4FnAnYVx8FQII3M0M1BdOi8AsY4="
    }
  }
}
